
Microsoft Visual Studio Solution File, Format Version 12.00
# Visual Studio Version 17
VisualStudioVersion = 17.13.35931.197
MinimumVisualStudioVersion = 10.0.40219.1
Project("{FAE04EC0-301F-11D3-BF4B-00C04F79EFBC}") = "StudentPortal.WEB", "StudentPortal.WEB.csproj", "{C1EAC394-351C-47D1-B992-EA16BDC226CA}"
EndProject
Global
	GlobalSection(SolutionConfigurationPlatforms) = preSolution
		Debug|Any CPU = Debug|Any CPU
		Release|Any CPU = Release|Any CPU
	EndGlobalSection
	GlobalSection(ProjectConfigurationPlatforms) = postSolution
		{C1EAC394-351C-47D1-B992-EA16BDC226CA}.Debug|Any CPU.ActiveCfg = Debug|Any CPU
		{C1EAC394-351C-47D1-B992-EA16BDC226CA}.Debug|Any CPU.Build.0 = Debug|Any CPU
		{C1EAC394-351C-47D1-B992-EA16BDC226CA}.Release|Any CPU.ActiveCfg = Release|Any CPU
		{C1EAC394-351C-47D1-B992-EA16BDC226CA}.Release|Any CPU.Build.0 = Release|Any CPU
	EndGlobalSection
	GlobalSection(SolutionProperties) = preSolution
		HideSolutionNode = FALSE
	EndGlobalSection
	GlobalSection(ExtensibilityGlobals) = postSolution
		SolutionGuid = {3E1CDE4C-E110-44CF-A9F8-CF7ED526A8D5}
	EndGlobalSection
EndGlobal
